
Microsoft Visual Studio Solution File, Format Version 12.00
# Visual Studio Version 16
VisualStudioVersion = 16.0.29609.76
MinimumVisualStudioVersion = 10.0.40219.1
Project("{9A19103F-16F7-4668-BE54-9A1E7A4F7556}") = "Memosport", "Memosport\Memosport.csproj", "{ED82BE9A-B725-4AA9-9463-7BEB67ADBA33}"
EndProject
Global
	GlobalSection(SolutionConfigurationPlatforms) = preSolution
		Debug|Any CPU = Debug|Any CPU
		Release|Any CPU = Release|Any CPU
	EndGlobalSection
	GlobalSection(ProjectConfigurationPlatforms) = postSolution
		{ED82BE9A-B725-4AA9-9463-7BEB67ADBA33}.Debug|Any CPU.ActiveCfg = Debug|Any CPU
		{ED82BE9A-B725-4AA9-9463-7BEB67ADBA33}.Debug|Any CPU.Build.0 = Debug|Any CPU
		{ED82BE9A-B725-4AA9-9463-7BEB67ADBA33}.Release|Any CPU.ActiveCfg = Release|Any CPU
		{ED82BE9A-B725-4AA9-9463-7BEB67ADBA33}.Release|Any CPU.Build.0 = Release|Any CPU
	EndGlobalSection
	GlobalSection(SolutionProperties) = preSolution
		HideSolutionNode = FALSE
	EndGlobalSection
	GlobalSection(ExtensibilityGlobals) = postSolution
		SolutionGuid = {4B445310-5CD2-47F7-A028-D637BD20DDA3}
	EndGlobalSection
EndGlobal
